# This file is automatically @generated by Cargo.
# It is not intended for manual editing.
version = 3

[[package]]
name = "by_address"
version = "1.0.4"
source = "registry+https://github.com/rust-lang/crates.io-index"
checksum = "e245704f60eb4eb45810d65cf14eb54d2eb50a6f3715fe2d7cd01ee905c2944f"

[[package]]
name = "either"
version = "1.6.1"
source = "registry+https://github.com/rust-lang/crates.io-index"
checksum = "e78d4f1cc4ae33bbfc157ed5d5a5ef3bc29227303d595861deb238fcec4e9457"

[[package]]
name = "hm-infer-rs"
version = "0.1.0"
dependencies = [
 "by_address",
 "itertools",
 "typed-arena",
 "unhygienic",
]

[[package]]
name = "itertools"
version = "0.10.3"
source = "registry+https://github.com/rust-lang/crates.io-index"
checksum = "a9a9d19fa1e79b6215ff29b9d6880b706147f16e9b1dbb1e4e5947b5b02bc5e3"
dependencies = [
 "either",
]

[[package]]
name = "proc-macro-hack"
version = "0.4.3"
source = "registry+https://github.com/rust-lang/crates.io-index"
checksum = "d7f95648580798cc44ff8efb9bb0d7ee5205ea32e087b31b0732f3e8c2648ee2"
dependencies = [
 "proc-macro-hack-impl",
]

[[package]]
name = "proc-macro-hack-impl"
version = "0.4.3"
source = "registry+https://github.com/rust-lang/crates.io-index"
checksum = "7be55bf0ae1635f4d7c7ddd6efc05c631e98a82104a73d35550bbc52db960027"

[[package]]
name = "typed-arena"
version = "2.0.1"
source = "registry+https://github.com/rust-lang/crates.io-index"
checksum = "0685c84d5d54d1c26f7d3eb96cd41550adb97baed141a761cf335d3d33bcd0ae"

[[package]]
name = "unhygienic"
version = "0.1.1"
source = "registry+https://github.com/rust-lang/crates.io-index"
checksum = "3058ae8ba74c04dbc771b659450e1b595a45ae55906ef2c3fcb45df45cef3e93"
dependencies = [
 "proc-macro-hack",
 "unhygienic-impl",
]

[[package]]
name = "unhygienic-impl"
version = "0.1.0"
source = "registry+https://github.com/rust-lang/crates.io-index"
checksum = "a40394f024d8b7e598419922124b57857b6f06e110df68790cdcfcdb55da4f35"
dependencies = [
 "proc-macro-hack",
]
